// !$*UTF8*$!
{
	archiveVersion = 1;
	classes = {
	};
	objectVersion = 56;
	objects = {

/* Begin PBXBuildFile section */
		C29F2D192C36C90200E26329 /* AppDelegate.swift in Sources */ = {isa = PBXBuildFile; fileRef = C29F2D182C36C90200E26329 /* AppDelegate.swift */; };
		C29F2D1B2C36C90200E26329 /* SceneDelegate.swift in Sources */ = {isa = PBXBuildFile; fileRef = C29F2D1A2C36C90200E26329 /* SceneDelegate.swift */; };
		C29F2D1D2C36C90200E26329 /* ViewController.swift in Sources */ = {isa = PBXBuildFile; fileRef = C29F2D1C2C36C90200E26329 /* ViewController.swift */; };
		C29F2D202C36C90200E26329 /* Main.storyboard in Resources */ = {isa = PBXBuildFile; fileRef = C29F2D1E2C36C90200E26329 /* Main.storyboard */; };
		C29F2D222C36C90400E26329 /* Assets.xcassets in Resources */ = {isa = PBXBuildFile; fileRef = C29F2D212C36C90400E26329 /* Assets.xcassets */; };
		C29F2D252C36C90400E26329 /* LaunchScreen.storyboard in Resources */ = {isa = PBXBuildFile; fileRef = C29F2D232C36C90400E26329 /* LaunchScreen.storyboard */; };
		C29F2D302C36C90500E26329 /* Video_Player_AssignmentTests.swift in Sources */ = {isa = PBXBuildFile; fileRef = C29F2D2F2C36C90500E26329 /* Video_Player_AssignmentTests.swift */; };
		C29F2D3A2C36C90500E26329 /* Video_Player_AssignmentUITests.swift in Sources */ = {isa = PBXBuildFile; fileRef = C29F2D392C36C90500E26329 /* Video_Player_AssignmentUITests.swift */; };
		C29F2D3C2C36C90500E26329 /* Video_Player_AssignmentUITestsLaunchTests.swift in Sources */ = {isa = PBXBuildFile; fileRef = C29F2D3B2C36C90500E26329 /* Video_Player_AssignmentUITestsLaunchTests.swift */; };
		C29F2D4A2C36D64800E26329 /* ViewModel.swift in Sources */ = {isa = PBXBuildFile; fileRef = C29F2D492C36D64800E26329 /* ViewModel.swift */; };
		C29F2D4C2C36EC0100E26329 /* responseModel.swift in Sources */ = {isa = PBXBuildFile; fileRef = C29F2D4B2C36EC0100E26329 /* responseModel.swift */; };
		C29F2D4E2C37105A00E26329 /* Constants.swift in Sources */ = {isa = PBXBuildFile; fileRef = C29F2D4D2C37105A00E26329 /* Constants.swift */; };
		C29F2D522C37C0D200E26329 /* Video.mp4 in Resources */ = {isa = PBXBuildFile; fileRef = C29F2D512C37C0D200E26329 /* Video.mp4 */; };
/* End PBXBuildFile section */

/* Begin PBXContainerItemProxy section */
		C29F2D2C2C36C90500E26329 /* PBXContainerItemProxy */ = {
			isa = PBXContainerItemProxy;
			containerPortal = C29F2D0D2C36C90100E26329 /* Project object */;
			proxyType = 1;
			remoteGlobalIDString = C29F2D142C36C90200E26329;
			remoteInfo = Video_Player_Assignment;
		};
		C29F2D362C36C90500E26329 /* PBXContainerItemProxy */ = {
			isa = PBXContainerItemProxy;
			containerPortal = C29F2D0D2C36C90100E26329 /* Project object */;
			proxyType = 1;
			remoteGlobalIDString = C29F2D142C36C90200E26329;
			remoteInfo = Video_Player_Assignment;
		};
/* End PBXContainerItemProxy section */

/* Begin PBXFileReference section */
		C29F2D152C36C90200E26329 /* Video_Player_Assignment.app */ = {isa = PBXFileReference; explicitFileType = wrapper.application; includeInIndex = 0; path = Video_Player_Assignment.app; sourceTree = BUILT_PRODUCTS_DIR; };
		C29F2D182C36C90200E26329 /* AppDelegate.swift */ = {isa = PBXFileReference; lastKnownFileType = sourcecode.swift; path = AppDelegate.swift; sourceTree = "<group>"; };
		C29F2D1A2C36C90200E26329 /* SceneDelegate.swift */ = {isa = PBXFileReference; lastKnownFileType = sourcecode.swift; path = SceneDelegate.swift; sourceTree = "<group>"; };
		C29F2D1C2C36C90200E26329 /* ViewController.swift */ = {isa = PBXFileReference; lastKnownFileType = sourcecode.swift; path = ViewController.swift; sourceTree = "<group>"; };
		C29F2D1F2C36C90200E26329 /* Base */ = {isa = PBXFileReference; lastKnownFileType = file.storyboard; name = Base; path = Base.lproj/Main.storyboard; sourceTree = "<group>"; };
		C29F2D212C36C90400E26329 /* Assets.xcassets */ = {isa = PBXFileReference; lastKnownFileType = folder.assetcatalog; path = Assets.xcassets; sourceTree = "<group>"; };
		C29F2D242C36C90400E26329 /* Base */ = {isa = PBXFileReference; lastKnownFileType = file.storyboard; name = Base; path = Base.lproj/LaunchScreen.storyboard; sourceTree = "<group>"; };
		C29F2D262C36C90400E26329 /* Info.plist */ = {isa = PBXFileReference; lastKnownFileType = text.plist.xml; path = Info.plist; sourceTree = "<group>"; };
		C29F2D2B2C36C90500E26329 /* Video_Player_AssignmentTests.xctest */ = {isa = PBXFileReference; explicitFileType = wrapper.cfbundle; includeInIndex = 0; path = Video_Player_AssignmentTests.xctest; sourceTree = BUILT_PRODUCTS_DIR; };
		C29F2D2F2C36C90500E26329 /* Video_Player_AssignmentTests.swift */ = {isa = PBXFileReference; lastKnownFileType = sourcecode.swift; path = Video_Player_AssignmentTests.swift; sourceTree = "<group>"; };
		C29F2D352C36C90500E26329 /* Video_Player_AssignmentUITests.xctest */ = {isa = PBXFileReference; explicitFileType = wrapper.cfbundle; includeInIndex = 0; path = Video_Player_AssignmentUITests.xctest; sourceTree = BUILT_PRODUCTS_DIR; };
		C29F2D392C36C90500E26329 /* Video_Player_AssignmentUITests.swift */ = {isa = PBXFileReference; lastKnownFileType = sourcecode.swift; path = Video_Player_AssignmentUITests.swift; sourceTree = "<group>"; };
		C29F2D3B2C36C90500E26329 /* Video_Player_AssignmentUITestsLaunchTests.swift */ = {isa = PBXFileReference; lastKnownFileType = sourcecode.swift; path = Video_Player_AssignmentUITestsLaunchTests.swift; sourceTree = "<group>"; };
		C29F2D492C36D64800E26329 /* ViewModel.swift */ = {isa = PBXFileReference; lastKnownFileType = sourcecode.swift; path = ViewModel.swift; sourceTree = "<group>"; };
		C29F2D4B2C36EC0100E26329 /* responseModel.swift */ = {isa = PBXFileReference; lastKnownFileType = sourcecode.swift; path = responseModel.swift; sourceTree = "<group>"; };
		C29F2D4D2C37105A00E26329 /* Constants.swift */ = {isa = PBXFileReference; lastKnownFileType = sourcecode.swift; path = Constants.swift; sourceTree = "<group>"; };
		C29F2D512C37C0D200E26329 /* Video.mp4 */ = {isa = PBXFileReference; lastKnownFileType = file; path = Video.mp4; sourceTree = "<group>"; };
/* End PBXFileReference section */

/* Begin PBXFrameworksBuildPhase section */
		C29F2D122C36C90200E26329 /* Frameworks */ = {
			isa = PBXFrameworksBuildPhase;
			buildActionMask = 2147483647;
			files = (
			);
			runOnlyForDeploymentPostprocessing = 0;
		};
		C29F2D282C36C90500E26329 /* Frameworks */ = {
			isa = PBXFrameworksBuildPhase;
			buildActionMask = 2147483647;
			files = (
			);
			runOnlyForDeploymentPostprocessing = 0;
		};
		C29F2D322C36C90500E26329 /* Frameworks */ = {
			isa = PBXFrameworksBuildPhase;
			buildActionMask = 2147483647;
			files = (
			);
			runOnlyForDeploymentPostprocessing = 0;
		};
/* End PBXFrameworksBuildPhase section */

/* Begin PBXGroup section */
		C29F2D0C2C36C90100E26329 = {
			isa = PBXGroup;
			children = (
				C29F2D512C37C0D200E26329 /* Video.mp4 */,
				C29F2D172C36C90200E26329 /* Video_Player_Assignment */,
				C29F2D2E2C36C90500E26329 /* Video_Player_AssignmentTests */,
				C29F2D382C36C90500E26329 /* Video_Player_AssignmentUITests */,
				C29F2D162C36C90200E26329 /* Products */,
			);
			sourceTree = "<group>";
		};
		C29F2D162C36C90200E26329 /* Products */ = {
			isa = PBXGroup;
			children = (
				C29F2D152C36C90200E26329 /* Video_Player_Assignment.app */,
				C29F2D2B2C36C90500E26329 /* Video_Player_AssignmentTests.xctest */,
				C29F2D352C36C90500E26329 /* Video_Player_AssignmentUITests.xctest */,
			);
			name = Products;
			sourceTree = "<group>";
		};
		C29F2D172C36C90200E26329 /* Video_Player_Assignment */ = {
			isa = PBXGroup;
			children = (
				C29F2D182C36C90200E26329 /* AppDelegate.swift */,
				C29F2D1A2C36C90200E26329 /* SceneDelegate.swift */,
				C29F2D1C2C36C90200E26329 /* ViewController.swift */,
				C29F2D1E2C36C90200E26329 /* Main.storyboard */,
				C29F2D212C36C90400E26329 /* Assets.xcassets */,
				C29F2D232C36C90400E26329 /* LaunchScreen.storyboard */,
				C29F2D262C36C90400E26329 /* Info.plist */,
				C29F2D492C36D64800E26329 /* ViewModel.swift */,
				C29F2D4B2C36EC0100E26329 /* responseModel.swift */,
				C29F2D4D2C37105A00E26329 /* Constants.swift */,
			);
			path = Video_Player_Assignment;
			sourceTree = "<group>";
		};
		C29F2D2E2C36C90500E26329 /* Video_Player_AssignmentTests */ = {
			isa = PBXGroup;
			children = (
				C29F2D2F2C36C90500E26329 /* Video_Player_AssignmentTests.swift */,
			);
			path = Video_Player_AssignmentTests;
			sourceTree = "<group>";
		};
		C29F2D382C36C90500E26329 /* Video_Player_AssignmentUITests */ = {
			isa = PBXGroup;
			children = (
				C29F2D392C36C90500E26329 /* Video_Player_AssignmentUITests.swift */,
				C29F2D3B2C36C90500E26329 /* Video_Player_AssignmentUITestsLaunchTests.swift */,
			);
			path = Video_Player_AssignmentUITests;
			sourceTree = "<group>";
		};
/* End PBXGroup section */

/* Begin PBXNativeTarget section */
		C29F2D142C36C90200E26329 /* Video_Player_Assignment */ = {
			isa = PBXNativeTarget;
			buildConfigurationList = C29F2D3F2C36C90500E26329 /* Build configuration list for PBXNativeTarget "Video_Player_Assignment" */;
			buildPhases = (
				C29F2D112C36C90200E26329 /* Sources */,
				C29F2D122C36C90200E26329 /* Frameworks */,
				C29F2D132C36C90200E26329 /* Resources */,
			);
			buildRules = (
			);
			dependencies = (
			);
			name = Video_Player_Assignment;
			productName = Video_Player_Assignment;
			productReference = C29F2D152C36C90200E26329 /* Video_Player_Assignment.app */;
			productType = "com.apple.product-type.application";
		};
		C29F2D2A2C36C90500E26329 /* Video_Player_AssignmentTests */ = {
			isa = PBXNativeTarget;
			buildConfigurationList = C29F2D422C36C90500E26329 /* Build configuration list for PBXNativeTarget "Video_Player_AssignmentTests" */;
			buildPhases = (
				C29F2D272C36C90500E26329 /* Sources */,
				C29F2D282C36C90500E26329 /* Frameworks */,
				C29F2D292C36C90500E26329 /* Resources */,
			);
			buildRules = (
			);
			dependencies = (
				C29F2D2D2C36C90500E26329 /* PBXTargetDependency */,
			);
			name = Video_Player_AssignmentTests;
			productName = Video_Player_AssignmentTests;
			productReference = C29F2D2B2C36C90500E26329 /* Video_Player_AssignmentTests.xctest */;
			productType = "com.apple.product-type.bundle.unit-test";
		};
		C29F2D342C36C90500E26329 /* Video_Player_AssignmentUITests */ = {
			isa = PBXNativeTarget;
			buildConfigurationList = C29F2D452C36C90500E26329 /* Build configuration list for PBXNativeTarget "Video_Player_AssignmentUITests" */;
			buildPhases = (
				C29F2D312C36C90500E26329 /* Sources */,
				C29F2D322C36C90500E26329 /* Frameworks */,
				C29F2D332C36C90500E26329 /* Resources */,
			);
			buildRules = (
			);
			dependencies = (
				C29F2D372C36C90500E26329 /* PBXTargetDependency */,
			);
			name = Video_Player_AssignmentUITests;
			productName = Video_Player_AssignmentUITests;
			productReference = C29F2D352C36C90500E26329 /* Video_Player_AssignmentUITests.xctest */;
			productType = "com.apple.product-type.bundle.ui-testing";
		};
/* End PBXNativeTarget section */

/* Begin PBXProject section */
		C29F2D0D2C36C90100E26329 /* Project object */ = {
			isa = PBXProject;
			attributes = {
				BuildIndependentTargetsInParallel = 1;
				LastSwiftUpdateCheck = 1510;
				LastUpgradeCheck = 1510;
				TargetAttributes = {
					C29F2D142C36C90200E26329 = {
						CreatedOnToolsVersion = 15.1;
					};
					C29F2D2A2C36C90500E26329 = {
						CreatedOnToolsVersion = 15.1;
						TestTargetID = C29F2D142C36C90200E26329;
					};
					C29F2D342C36C90500E26329 = {
						CreatedOnToolsVersion = 15.1;
						TestTargetID = C29F2D142C36C90200E26329;
					};
				};
			};
			buildConfigurationList = C29F2D102C36C90100E26329 /* Build configuration list for PBXProject "Video_Player_Assignment" */;
			compatibilityVersion = "Xcode 14.0";
			developmentRegion = en;
			hasScannedForEncodings = 0;
			knownRegions = (
				en,
				Base,
			);
			mainGroup = C29F2D0C2C36C90100E26329;
			productRefGroup = C29F2D162C36C90200E26329 /* Products */;
			projectDirPath = "";
			projectRoot = "";
			targets = (
				C29F2D142C36C90200E26329 /* Video_Player_Assignment */,
				C29F2D2A2C36C90500E26329 /* Video_Player_AssignmentTests */,
				C29F2D342C36C90500E26329 /* Video_Player_AssignmentUITests */,
			);
		};
/* End PBXProject section */

/* Begin PBXResourcesBuildPhase section */
		C29F2D132C36C90200E26329 /* Resources */ = {
			isa = PBXResourcesBuildPhase;
			buildActionMask = 2147483647;
			files = (
				C29F2D522C37C0D200E26329 /* Video.mp4 in Resources */,
				C29F2D252C36C90400E26329 /* LaunchScreen.storyboard in Resources */,
				C29F2D222C36C90400E26329 /* Assets.xcassets in Resources */,
				C29F2D202C36C90200E26329 /* Main.storyboard in Resources */,
			);
			runOnlyForDeploymentPostprocessing = 0;
		};
		C29F2D292C36C90500E26329 /* Resources */ = {
			isa = PBXResourcesBuildPhase;
			buildActionMask = 2147483647;
			files = (
			);
			runOnlyForDeploymentPostprocessing = 0;
		};
		C29F2D332C36C90500E26329 /* Resources */ = {
			isa = PBXResourcesBuildPhase;
			buildActionMask = 2147483647;
			files = (
			);
			runOnlyForDeploymentPostprocessing = 0;
		};
/* End PBXResourcesBuildPhase section */

/* Begin PBXSourcesBuildPhase section */
		C29F2D112C36C90200E26329 /* Sources */ = {
			isa = PBXSourcesBuildPhase;
			buildActionMask = 2147483647;
			files = (
				C29F2D1D2C36C90200E26329 /* ViewController.swift in Sources */,
				C29F2D192C36C90200E26329 /* AppDelegate.swift in Sources */,
				C29F2D4A2C36D64800E26329 /* ViewModel.swift in Sources */,
				C29F2D1B2C36C90200E26329 /* SceneDelegate.swift in Sources */,
				C29F2D4C2C36EC0100E26329 /* responseModel.swift in Sources */,
				C29F2D4E2C37105A00E26329 /* Constants.swift in Sources */,
			);
			runOnlyForDeploymentPostprocessing = 0;
		};
		C29F2D272C36C90500E26329 /* Sources */ = {
			isa = PBXSourcesBuildPhase;
			buildActionMask = 2147483647;
			files = (
				C29F2D302C36C90500E26329 /* Video_Player_AssignmentTests.swift in Sources */,
			);
			runOnlyForDeploymentPostprocessing = 0;
		};
		C29F2D312C36C90500E26329 /* Sources */ = {
			isa = PBXSourcesBuildPhase;
			buildActionMask = 2147483647;
			files = (
				C29F2D3C2C36C90500E26329 /* Video_Player_AssignmentUITestsLaunchTests.swift in Sources */,
				C29F2D3A2C36C90500E26329 /* Video_Player_AssignmentUITests.swift in Sources */,
			);
			runOnlyForDeploymentPostprocessing = 0;
		};
/* End PBXSourcesBuildPhase section */

/* Begin PBXTargetDependency section */
		C29F2D2D2C36C90500E26329 /* PBXTargetDependency */ = {
			isa = PBXTargetDependency;
			target = C29F2D142C36C90200E26329 /* Video_Player_Assignment */;
			targetProxy = C29F2D2C2C36C90500E26329 /* PBXContainerItemProxy */;
		};
		C29F2D372C36C90500E26329 /* PBXTargetDependency */ = {
			isa = PBXTargetDependency;
			target = C29F2D142C36C90200E26329 /* Video_Player_Assignment */;
			targetProxy = C29F2D362C36C90500E26329 /* PBXContainerItemProxy */;
		};
/* End PBXTargetDependency section */

/* Begin PBXVariantGroup section */
		C29F2D1E2C36C90200E26329 /* Main.storyboard */ = {
			isa = PBXVariantGroup;
			children = (
				C29F2D1F2C36C90200E26329 /* Base */,
			);
			name = Main.storyboard;
			sourceTree = "<group>";
		};
		C29F2D232C36C90400E26329 /* LaunchScreen.storyboard */ = {
			isa = PBXVariantGroup;
			children = (
				C29F2D242C36C90400E26329 /* Base */,
			);
			name = LaunchScreen.storyboard;
			sourceTree = "<group>";
		};
/* End PBXVariantGroup section */

/* Begin XCBuildConfiguration section */
		C29F2D3D2C36C90500E26329 /* Debug */ = {
			isa = XCBuildConfiguration;
			buildSettings = {
				ALWAYS_SEARCH_USER_PATHS = NO;
				ASSETCATALOG_COMPILER_GENERATE_SWIFT_ASSET_SYMBOL_EXTENSIONS = YES;
				CLANG_ANALYZER_NONNULL = YES;
				CLANG_ANALYZER_NUMBER_OBJECT_CONVERSION = YES_AGGRESSIVE;
				CLANG_CXX_LANGUAGE_STANDARD = "gnu++20";
				CLANG_ENABLE_MODULES = YES;
				CLANG_ENABLE_OBJC_ARC = YES;
				CLANG_ENABLE_OBJC_WEAK = YES;
				CLANG_WARN_BLOCK_CAPTURE_AUTORELEASING = YES;
				CLANG_WARN_BOOL_CONVERSION = YES;
				CLANG_WARN_COMMA = YES;
				CLANG_WARN_CONSTANT_CONVERSION = YES;
				CLANG_WARN_DEPRECATED_OBJC_IMPLEMENTATIONS = YES;
				CLANG_WARN_DIRECT_OBJC_ISA_USAGE = YES_ERROR;
				CLANG_WARN_DOCUMENTATION_COMMENTS = YES;
				CLANG_WARN_EMPTY_BODY = YES;
				CLANG_WARN_ENUM_CONVERSION = YES;
				CLANG_WARN_INFINITE_RECURSION = YES;
				CLANG_WARN_INT_CONVERSION = YES;
				CLANG_WARN_NON_LITERAL_NULL_CONVERSION = YES;
				CLANG_WARN_OBJC_IMPLICIT_RETAIN_SELF = YES;
				CLANG_WARN_OBJC_LITERAL_CONVERSION = YES;
				CLANG_WARN_OBJC_ROOT_CLASS = YES_ERROR;
				CLANG_WARN_QUOTED_INCLUDE_IN_FRAMEWORK_HEADER = YES;
				CLANG_WARN_RANGE_LOOP_ANALYSIS = YES;
				CLANG_WARN_STRICT_PROTOTYPES = YES;
				CLANG_WARN_SUSPICIOUS_MOVE = YES;
				CLANG_WARN_UNGUARDED_AVAILABILITY = YES_AGGRESSIVE;
				CLANG_WARN_UNREACHABLE_CODE = YES;
				CLANG_WARN__DUPLICATE_METHOD_MATCH = YES;
				COPY_PHASE_STRIP = NO;
				DEBUG_INFORMATION_FORMAT = dwarf;
				ENABLE_STRICT_OBJC_MSGSEND = YES;
				ENABLE_TESTABILITY = YES;
				ENABLE_USER_SCRIPT_SANDBOXING = YES;
				GCC_C_LANGUAGE_STANDARD = gnu17;
				GCC_DYNAMIC_NO_PIC = NO;
				GCC_NO_COMMON_BLOCKS = YES;
				GCC_OPTIMIZATION_LEVEL = 0;
				GCC_PREPROCESSOR_DEFINITIONS = (
					"DEBUG=1",
					"$(inherited)",
				);
				GCC_WARN_64_TO_32_BIT_CONVERSION = YES;
				GCC_WARN_ABOUT_RETURN_TYPE = YES_ERROR;
				GCC_WARN_UNDECLARED_SELECTOR = YES;
				GCC_WARN_UNINITIALIZED_AUTOS = YES_AGGRESSIVE;
				GCC_WARN_UNUSED_FUNCTION = YES;
				GCC_WARN_UNUSED_VARIABLE = YES;
				IPHONEOS_DEPLOYMENT_TARGET = 17.2;
				LOCALIZATION_PREFERS_STRING_CATALOGS = YES;
				MTL_ENABLE_DEBUG_INFO = INCLUDE_SOURCE;
				MTL_FAST_MATH = YES;
				ONLY_ACTIVE_ARCH = YES;
				SDKROOT = iphoneos;
				SWIFT_ACTIVE_COMPILATION_CONDITIONS = "DEBUG $(inherited)";
				SWIFT_OPTIMIZATION_LEVEL = "-Onone";
			};
			name = Debug;
		};
		C29F2D3E2C36C90500E26329 /* Release */ = {
			isa = XCBuildConfiguration;
			buildSettings = {
				ALWAYS_SEARCH_USER_PATHS = NO;
				ASSETCATALOG_COMPILER_GENERATE_SWIFT_ASSET_SYMBOL_EXTENSIONS = YES;
				CLANG_ANALYZER_NONNULL = YES;
				CLANG_ANALYZER_NUMBER_OBJECT_CONVERSION = YES_AGGRESSIVE;
				CLANG_CXX_LANGUAGE_STANDARD = "gnu++20";
				CLANG_ENABLE_MODULES = YES;
				CLANG_ENABLE_OBJC_ARC = YES;
				CLANG_ENABLE_OBJC_WEAK = YES;
				CLANG_WARN_BLOCK_CAPTURE_AUTORELEASING = YES;
				CLANG_WARN_BOOL_CONVERSION = YES;
				CLANG_WARN_COMMA = YES;
				CLANG_WARN_CONSTANT_CONVERSION = YES;
				CLANG_WARN_DEPRECATED_OBJC_IMPLEMENTATIONS = YES;
				CLANG_WARN_DIRECT_OBJC_ISA_USAGE = YES_ERROR;
				CLANG_WARN_DOCUMENTATION_COMMENTS = YES;
				CLANG_WARN_EMPTY_BODY = YES;
				CLANG_WARN_ENUM_CONVERSION = YES;
				CLANG_WARN_INFINITE_RECURSION = YES;
				CLANG_WARN_INT_CONVERSION = YES;
				CLANG_WARN_NON_LITERAL_NULL_CONVERSION = YES;
				CLANG_WARN_OBJC_IMPLICIT_RETAIN_SELF = YES;
				CLANG_WARN_OBJC_LITERAL_CONVERSION = YES;
				CLANG_WARN_OBJC_ROOT_CLASS = YES_ERROR;
				CLANG_WARN_QUOTED_INCLUDE_IN_FRAMEWORK_HEADER = YES;
				CLANG_WARN_RANGE_LOOP_ANALYSIS = YES;
				CLANG_WARN_STRICT_PROTOTYPES = YES;
				CLANG_WARN_SUSPICIOUS_MOVE = YES;
				CLANG_WARN_UNGUARDED_AVAILABILITY = YES_AGGRESSIVE;
				CLANG_WARN_UNREACHABLE_CODE = YES;
				CLANG_WARN__DUPLICATE_METHOD_MATCH = YES;
				COPY_PHASE_STRIP = NO;
				DEBUG_INFORMATION_FORMAT = "dwarf-with-dsym";
				ENABLE_NS_ASSERTIONS = NO;
				ENABLE_STRICT_OBJC_MSGSEND = YES;
				ENABLE_USER_SCRIPT_SANDBOXING = YES;
				GCC_C_LANGUAGE_STANDARD = gnu17;
				GCC_NO_COMMON_BLOCKS = YES;
				GCC_WARN_64_TO_32_BIT_CONVERSION = YES;
				GCC_WARN_ABOUT_RETURN_TYPE = YES_ERROR;
				GCC_WARN_UNDECLARED_SELECTOR = YES;
				GCC_WARN_UNINITIALIZED_AUTOS = YES_AGGRESSIVE;
				GCC_WARN_UNUSED_FUNCTION = YES;
				GCC_WARN_UNUSED_VARIABLE = YES;
				IPHONEOS_DEPLOYMENT_TARGET = 17.2;
				LOCALIZATION_PREFERS_STRING_CATALOGS = YES;
				MTL_ENABLE_DEBUG_INFO = NO;
				MTL_FAST_MATH = YES;
				SDKROOT = iphoneos;
				SWIFT_COMPILATION_MODE = wholemodule;
				VALIDATE_PRODUCT = YES;
			};
			name = Release;
		};
		C29F2D402C36C90500E26329 /* Debug */ = {
			isa = XCBuildConfiguration;
			buildSettings = {
				ASSETCATALOG_COMPILER_APPICON_NAME = AppIcon;
				ASSETCATALOG_COMPILER_GLOBAL_ACCENT_COLOR_NAME = AccentColor;
				CODE_SIGN_STYLE = Automatic;
				CURRENT_PROJECT_VERSION = 1;
				GENERATE_INFOPLIST_FILE = YES;
				INFOPLIST_FILE = Video_Player_Assignment/Info.plist;
				INFOPLIST_KEY_UIApplicationSupportsIndirectInputEvents = YES;
				INFOPLIST_KEY_UILaunchStoryboardName = LaunchScreen;
				INFOPLIST_KEY_UIMainStoryboardFile = Main;
				INFOPLIST_KEY_UISupportedInterfaceOrientations_iPad = "UIInterfaceOrientationPortrait UIInterfaceOrientationPortraitUpsideDown UIInterfaceOrientationLandscapeLeft UIInterfaceOrientationLandscapeRight";
				INFOPLIST_KEY_UISupportedInterfaceOrientations_iPhone = "UIInterfaceOrientationPortrait UIInterfaceOrientationLandscapeLeft UIInterfaceOrientationLandscapeRight";
				LD_RUNPATH_SEARCH_PATHS = (
					"$(inherited)",
					"@executable_path/Frameworks",
				);
				MARKETING_VERSION = 1.0;
				PRODUCT_BUNDLE_IDENTIFIER = "com.zeta.demo2.Video-Player-Assignment";
				PRODUCT_NAME = "$(TARGET_NAME)";
				SWIFT_EMIT_LOC_STRINGS = YES;
				SWIFT_VERSION = 5.0;
				TARGETED_DEVICE_FAMILY = "1,2";
			};
			name = Debug;
		};
		C29F2D412C36C90500E26329 /* Release */ = {
			isa = XCBuildConfiguration;
			buildSettings = {
				ASSETCATALOG_COMPILER_APPICON_NAME = AppIcon;
				ASSETCATALOG_COMPILER_GLOBAL_ACCENT_COLOR_NAME = AccentColor;
				CODE_SIGN_STYLE = Automatic;
				CURRENT_PROJECT_VERSION = 1;
				GENERATE_INFOPLIST_FILE = YES;
				INFOPLIST_FILE = Video_Player_Assignment/Info.plist;
				INFOPLIST_KEY_UIApplicationSupportsIndirectInputEvents = YES;
				INFOPLIST_KEY_UILaunchStoryboardName = LaunchScreen;
				INFOPLIST_KEY_UIMainStoryboardFile = Main;
				INFOPLIST_KEY_UISupportedInterfaceOrientations_iPad = "UIInterfaceOrientationPortrait UIInterfaceOrientationPortraitUpsideDown UIInterfaceOrientationLandscapeLeft UIInterfaceOrientationLandscapeRight";
				INFOPLIST_KEY_UISupportedInterfaceOrientations_iPhone = "UIInterfaceOrientationPortrait UIInterfaceOrientationLandscapeLeft UIInterfaceOrientationLandscapeRight";
				LD_RUNPATH_SEARCH_PATHS = (
					"$(inherited)",
					"@executable_path/Frameworks",
				);
				MARKETING_VERSION = 1.0;
				PRODUCT_BUNDLE_IDENTIFIER = "com.zeta.demo2.Video-Player-Assignment";
				PRODUCT_NAME = "$(TARGET_NAME)";
				SWIFT_EMIT_LOC_STRINGS = YES;
				SWIFT_VERSION = 5.0;
				TARGETED_DEVICE_FAMILY = "1,2";
			};
			name = Release;
		};
		C29F2D432C36C90500E26329 /* Debug */ = {
			isa = XCBuildConfiguration;
			buildSettings = {
				ALWAYS_EMBED_SWIFT_STANDARD_LIBRARIES = YES;
				BUNDLE_LOADER = "$(TEST_HOST)";
				CODE_SIGN_STYLE = Automatic;
				CURRENT_PROJECT_VERSION = 1;
				GENERATE_INFOPLIST_FILE = YES;
				IPHONEOS_DEPLOYMENT_TARGET = 17.2;
				MARKETING_VERSION = 1.0;
				PRODUCT_BUNDLE_IDENTIFIER = "com.zeta.demo2.Video-Player-AssignmentTests";
				PRODUCT_NAME = "$(TARGET_NAME)";
				SWIFT_EMIT_LOC_STRINGS = NO;
				SWIFT_VERSION = 5.0;
				TARGETED_DEVICE_FAMILY = "1,2";
				TEST_HOST = "$(BUILT_PRODUCTS_DIR)/Video_Player_Assignment.app/$(BUNDLE_EXECUTABLE_FOLDER_PATH)/Video_Player_Assignment";
			};
			name = Debug;
		};
		C29F2D442C36C90500E26329 /* Release */ = {
			isa = XCBuildConfiguration;
			buildSettings = {
				ALWAYS_EMBED_SWIFT_STANDARD_LIBRARIES = YES;
				BUNDLE_LOADER = "$(TEST_HOST)";
				CODE_SIGN_STYLE = Automatic;
				CURRENT_PROJECT_VERSION = 1;
				GENERATE_INFOPLIST_FILE = YES;
				IPHONEOS_DEPLOYMENT_TARGET = 17.2;
				MARKETING_VERSION = 1.0;
				PRODUCT_BUNDLE_IDENTIFIER = "com.zeta.demo2.Video-Player-AssignmentTests";
				PRODUCT_NAME = "$(TARGET_NAME)";
				SWIFT_EMIT_LOC_STRINGS = NO;
				SWIFT_VERSION = 5.0;
				TARGETED_DEVICE_FAMILY = "1,2";
				TEST_HOST = "$(BUILT_PRODUCTS_DIR)/Video_Player_Assignment.app/$(BUNDLE_EXECUTABLE_FOLDER_PATH)/Video_Player_Assignment";
			};
			name = Release;
		};
		C29F2D462C36C90500E26329 /* Debug */ = {
			isa = XCBuildConfiguration;
			buildSettings = {
				ALWAYS_EMBED_SWIFT_STANDARD_LIBRARIES = YES;
				CODE_SIGN_STYLE = Automatic;
				CURRENT_PROJECT_VERSION = 1;
				GENERATE_INFOPLIST_FILE = YES;
				MARKETING_VERSION = 1.0;
				PRODUCT_BUNDLE_IDENTIFIER = "com.zeta.demo2.Video-Player-AssignmentUITests";
				PRODUCT_NAME = "$(TARGET_NAME)";
				SWIFT_EMIT_LOC_STRINGS = NO;
				SWIFT_VERSION = 5.0;
				TARGETED_DEVICE_FAMILY = "1,2";
				TEST_TARGET_NAME = Video_Player_Assignment;
			};
			name = Debug;
		};
		C29F2D472C36C90500E26329 /* Release */ = {
			isa = XCBuildConfiguration;
			buildSettings = {
				ALWAYS_EMBED_SWIFT_STANDARD_LIBRARIES = YES;
				CODE_SIGN_STYLE = Automatic;
				CURRENT_PROJECT_VERSION = 1;
				GENERATE_INFOPLIST_FILE = YES;
				MARKETING_VERSION = 1.0;
				PRODUCT_BUNDLE_IDENTIFIER = "com.zeta.demo2.Video-Player-AssignmentUITests";
				PRODUCT_NAME = "$(TARGET_NAME)";
				SWIFT_EMIT_LOC_STRINGS = NO;
				SWIFT_VERSION = 5.0;
				TARGETED_DEVICE_FAMILY = "1,2";
				TEST_TARGET_NAME = Video_Player_Assignment;
			};
			name = Release;
		};
/* End XCBuildConfiguration section */

/* Begin XCConfigurationList section */
		C29F2D102C36C90100E26329 /* Build configuration list for PBXProject "Video_Player_Assignment" */ = {
			isa = XCConfigurationList;
			buildConfigurations = (
				C29F2D3D2C36C90500E26329 /* Debug */,
				C29F2D3E2C36C90500E26329 /* Release */,
			);
			defaultConfigurationIsVisible = 0;
			defaultConfigurationName = Release;
		};
		C29F2D3F2C36C90500E26329 /* Build configuration list for PBXNativeTarget "Video_Player_Assignment" */ = {
			isa = XCConfigurationList;
			buildConfigurations = (
				C29F2D402C36C90500E26329 /* Debug */,
				C29F2D412C36C90500E26329 /* Release */,
			);
			defaultConfigurationIsVisible = 0;
			defaultConfigurationName = Release;
		};
		C29F2D422C36C90500E26329 /* Build configuration list for PBXNativeTarget "Video_Player_AssignmentTests" */ = {
			isa = XCConfigurationList;
			buildConfigurations = (
				C29F2D432C36C90500E26329 /* Debug */,
				C29F2D442C36C90500E26329 /* Release */,
			);
			defaultConfigurationIsVisible = 0;
			defaultConfigurationName = Release;
		};
		C29F2D452C36C90500E26329 /* Build configuration list for PBXNativeTarget "Video_Player_AssignmentUITests" */ = {
			isa = XCConfigurationList;
			buildConfigurations = (
				C29F2D462C36C90500E26329 /* Debug */,
				C29F2D472C36C90500E26329 /* Release */,
			);
			defaultConfigurationIsVisible = 0;
			defaultConfigurationName = Release;
		};
/* End XCConfigurationList section */
	};
	rootObject = C29F2D0D2C36C90100E26329 /* Project object */;
}
